
Microsoft Visual Studio Solution File, Format Version 12.00
# Visual Studio 2013
VisualStudioVersion = 12.0.30324.0
MinimumVisualStudioVersion = 10.0.40219.1
Project("{FAE04EC0-301F-11D3-BF4B-00C04F79EFBC}") = "BillsReminder.WinPhone", "BillsReminder\BillsReminder.WinPhone\BillsReminder.WinPhone.csproj", "{479F7526-EFE8-4350-BA85-F38103CF0EE3}"
EndProject
Project("{FAE04EC0-301F-11D3-BF4B-00C04F79EFBC}") = "BillsReminder.iOS", "BillsReminder\BillsReminder.iOS\BillsReminder.iOS.csproj", "{E83FF7DC-D796-4370-AE69-F056D8E45F0F}"
EndProject
Project("{FAE04EC0-301F-11D3-BF4B-00C04F79EFBC}") = "BillsReminder.Android", "BillsReminder\BillsReminder.Android\BillsReminder.Android.csproj", "{7C740FFD-509C-4A49-8929-5444E80699E9}"
EndProject
Project("{D954291E-2A0B-460D-934E-DC6B0785DB48}") = "BillsReminder", "BillsReminder\BillsReminder\BillsReminder.shproj", "{5B3B737E-406E-4B20-BE9B-1572F52DA996}"
EndProject
Global
	GlobalSection(SharedMSBuildProjectFiles) = preSolution
		BillsReminder\BillsReminder\BillsReminder.projitems*{e83ff7dc-d796-4370-ae69-f056d8e45f0f}*SharedItemsImports = 4
		BillsReminder\BillsReminder\BillsReminder.projitems*{5b3b737e-406e-4b20-be9b-1572f52da996}*SharedItemsImports = 13
		BillsReminder\BillsReminder\BillsReminder.projitems*{479f7526-efe8-4350-ba85-f38103cf0ee3}*SharedItemsImports = 4
		BillsReminder\BillsReminder\BillsReminder.projitems*{7c740ffd-509c-4a49-8929-5444e80699e9}*SharedItemsImports = 4
	EndGlobalSection
	GlobalSection(SolutionConfigurationPlatforms) = preSolution
		Ad-Hoc|Any CPU = Ad-Hoc|Any CPU
		Ad-Hoc|ARM = Ad-Hoc|ARM
		Ad-Hoc|iPhone = Ad-Hoc|iPhone
		Ad-Hoc|iPhoneSimulator = Ad-Hoc|iPhoneSimulator
		Ad-Hoc|Mixed Platforms = Ad-Hoc|Mixed Platforms
		Ad-Hoc|x86 = Ad-Hoc|x86
		AppStore|Any CPU = AppStore|Any CPU
		AppStore|ARM = AppStore|ARM
		AppStore|iPhone = AppStore|iPhone
		AppStore|iPhoneSimulator = AppStore|iPhoneSimulator
		AppStore|Mixed Platforms = AppStore|Mixed Platforms
		AppStore|x86 = AppStore|x86
		Debug|Any CPU = Debug|Any CPU
		Debug|ARM = Debug|ARM
		Debug|iPhone = Debug|iPhone
		Debug|iPhoneSimulator = Debug|iPhoneSimulator
		Debug|Mixed Platforms = Debug|Mixed Platforms
		Debug|x86 = Debug|x86
		Release|Any CPU = Release|Any CPU
		Release|ARM = Release|ARM
		Release|iPhone = Release|iPhone
		Release|iPhoneSimulator = Release|iPhoneSimulator
		Release|Mixed Platforms = Release|Mixed Platforms
		Release|x86 = Release|x86
	EndGlobalSection
	GlobalSection(ProjectConfigurationPlatforms) = postSolution
		{479F7526-EFE8-4350-BA85-F38103CF0EE3}.Ad-Hoc|Any CPU.ActiveCfg = Release|Any CPU
		{479F7526-EFE8-4350-BA85-F38103CF0EE3}.Ad-Hoc|Any CPU.Build.0 = Release|Any CPU
		{479F7526-EFE8-4350-BA85-F38103CF0EE3}.Ad-Hoc|Any CPU.Deploy.0 = Release|Any CPU
		{479F7526-EFE8-4350-BA85-F38103CF0EE3}.Ad-Hoc|ARM.ActiveCfg = Release|ARM
		{479F7526-EFE8-4350-BA85-F38103CF0EE3}.Ad-Hoc|ARM.Build.0 = Release|ARM
		{479F7526-EFE8-4350-BA85-F38103CF0EE3}.Ad-Hoc|ARM.Deploy.0 = Release|ARM
		{479F7526-EFE8-4350-BA85-F38103CF0EE3}.Ad-Hoc|iPhone.ActiveCfg = Release|Any CPU
		{479F7526-EFE8-4350-BA85-F38103CF0EE3}.Ad-Hoc|iPhoneSimulator.ActiveCfg = Release|Any CPU
		{479F7526-EFE8-4350-BA85-F38103CF0EE3}.Ad-Hoc|Mixed Platforms.ActiveCfg = Release|x86
		{479F7526-EFE8-4350-BA85-F38103CF0EE3}.Ad-Hoc|Mixed Platforms.Build.0 = Release|x86
		{479F7526-EFE8-4350-BA85-F38103CF0EE3}.Ad-Hoc|Mixed Platforms.Deploy.0 = Release|x86
		{479F7526-EFE8-4350-BA85-F38103CF0EE3}.Ad-Hoc|x86.ActiveCfg = Release|x86
		{479F7526-EFE8-4350-BA85-F38103CF0EE3}.Ad-Hoc|x86.Build.0 = Release|x86
		{479F7526-EFE8-4350-BA85-F38103CF0EE3}.Ad-Hoc|x86.Deploy.0 = Release|x86
		{479F7526-EFE8-4350-BA85-F38103CF0EE3}.AppStore|Any CPU.ActiveCfg = Release|Any CPU
		{479F7526-EFE8-4350-BA85-F38103CF0EE3}.AppStore|Any CPU.Build.0 = Release|Any CPU
		{479F7526-EFE8-4350-BA85-F38103CF0EE3}.AppStore|Any CPU.Deploy.0 = Release|Any CPU
		{479F7526-EFE8-4350-BA85-F38103CF0EE3}.AppStore|ARM.ActiveCfg = Release|ARM
		{479F7526-EFE8-4350-BA85-F38103CF0EE3}.AppStore|ARM.Build.0 = Release|ARM
		{479F7526-EFE8-4350-BA85-F38103CF0EE3}.AppStore|ARM.Deploy.0 = Release|ARM
		{479F7526-EFE8-4350-BA85-F38103CF0EE3}.AppStore|iPhone.ActiveCfg = Release|Any CPU
		{479F7526-EFE8-4350-BA85-F38103CF0EE3}.AppStore|iPhoneSimulator.ActiveCfg = Release|Any CPU
		{479F7526-EFE8-4350-BA85-F38103CF0EE3}.AppStore|Mixed Platforms.ActiveCfg = Release|x86
		{479F7526-EFE8-4350-BA85-F38103CF0EE3}.AppStore|Mixed Platforms.Build.0 = Release|x86
		{479F7526-EFE8-4350-BA85-F38103CF0EE3}.AppStore|Mixed Platforms.Deploy.0 = Release|x86
		{479F7526-EFE8-4350-BA85-F38103CF0EE3}.AppStore|x86.ActiveCfg = Release|x86
		{479F7526-EFE8-4350-BA85-F38103CF0EE3}.AppStore|x86.Build.0 = Release|x86
		{479F7526-EFE8-4350-BA85-F38103CF0EE3}.AppStore|x86.Deploy.0 = Release|x86
		{479F7526-EFE8-4350-BA85-F38103CF0EE3}.Debug|Any CPU.ActiveCfg = Debug|Any CPU
		{479F7526-EFE8-4350-BA85-F38103CF0EE3}.Debug|Any CPU.Build.0 = Debug|Any CPU
		{479F7526-EFE8-4350-BA85-F38103CF0EE3}.Debug|Any CPU.Deploy.0 = Debug|Any CPU
		{479F7526-EFE8-4350-BA85-F38103CF0EE3}.Debug|ARM.ActiveCfg = Debug|ARM
		{479F7526-EFE8-4350-BA85-F38103CF0EE3}.Debug|ARM.Build.0 = Debug|ARM
		{479F7526-EFE8-4350-BA85-F38103CF0EE3}.Debug|ARM.Deploy.0 = Debug|ARM
		{479F7526-EFE8-4350-BA85-F38103CF0EE3}.Debug|iPhone.ActiveCfg = Debug|Any CPU
		{479F7526-EFE8-4350-BA85-F38103CF0EE3}.Debug|iPhoneSimulator.ActiveCfg = Debug|Any CPU
		{479F7526-EFE8-4350-BA85-F38103CF0EE3}.Debug|Mixed Platforms.ActiveCfg = Debug|x86
		{479F7526-EFE8-4350-BA85-F38103CF0EE3}.Debug|Mixed Platforms.Build.0 = Debug|x86
		{479F7526-EFE8-4350-BA85-F38103CF0EE3}.Debug|Mixed Platforms.Deploy.0 = Debug|x86
		{479F7526-EFE8-4350-BA85-F38103CF0EE3}.Debug|x86.ActiveCfg = Debug|x86
		{479F7526-EFE8-4350-BA85-F38103CF0EE3}.Debug|x86.Build.0 = Debug|x86
		{479F7526-EFE8-4350-BA85-F38103CF0EE3}.Debug|x86.Deploy.0 = Debug|x86
		{479F7526-EFE8-4350-BA85-F38103CF0EE3}.Release|Any CPU.ActiveCfg = Release|Any CPU
		{479F7526-EFE8-4350-BA85-F38103CF0EE3}.Release|Any CPU.Build.0 = Release|Any CPU
		{479F7526-EFE8-4350-BA85-F38103CF0EE3}.Release|Any CPU.Deploy.0 = Release|Any CPU
		{479F7526-EFE8-4350-BA85-F38103CF0EE3}.Release|ARM.ActiveCfg = Release|ARM
		{479F7526-EFE8-4350-BA85-F38103CF0EE3}.Release|ARM.Build.0 = Release|ARM
		{479F7526-EFE8-4350-BA85-F38103CF0EE3}.Release|ARM.Deploy.0 = Release|ARM
		{479F7526-EFE8-4350-BA85-F38103CF0EE3}.Release|iPhone.ActiveCfg = Release|Any CPU
		{479F7526-EFE8-4350-BA85-F38103CF0EE3}.Release|iPhoneSimulator.ActiveCfg = Release|Any CPU
		{479F7526-EFE8-4350-BA85-F38103CF0EE3}.Release|Mixed Platforms.ActiveCfg = Release|x86
		{479F7526-EFE8-4350-BA85-F38103CF0EE3}.Release|Mixed Platforms.Build.0 = Release|x86
		{479F7526-EFE8-4350-BA85-F38103CF0EE3}.Release|Mixed Platforms.Deploy.0 = Release|x86
		{479F7526-EFE8-4350-BA85-F38103CF0EE3}.Release|x86.ActiveCfg = Release|x86
		{479F7526-EFE8-4350-BA85-F38103CF0EE3}.Release|x86.Build.0 = Release|x86
		{479F7526-EFE8-4350-BA85-F38103CF0EE3}.Release|x86.Deploy.0 = Release|x86
		{E83FF7DC-D796-4370-AE69-F056D8E45F0F}.Ad-Hoc|Any CPU.ActiveCfg = Ad-Hoc|iPhone
		{E83FF7DC-D796-4370-AE69-F056D8E45F0F}.Ad-Hoc|ARM.ActiveCfg = Ad-Hoc|iPhone
		{E83FF7DC-D796-4370-AE69-F056D8E45F0F}.Ad-Hoc|iPhone.ActiveCfg = Ad-Hoc|iPhone
		{E83FF7DC-D796-4370-AE69-F056D8E45F0F}.Ad-Hoc|iPhone.Build.0 = Ad-Hoc|iPhone
		{E83FF7DC-D796-4370-AE69-F056D8E45F0F}.Ad-Hoc|iPhone.Deploy.0 = Ad-Hoc|iPhone
		{E83FF7DC-D796-4370-AE69-F056D8E45F0F}.Ad-Hoc|iPhoneSimulator.ActiveCfg = Ad-Hoc|iPhoneSimulator
		{E83FF7DC-D796-4370-AE69-F056D8E45F0F}.Ad-Hoc|iPhoneSimulator.Build.0 = Ad-Hoc|iPhoneSimulator
		{E83FF7DC-D796-4370-AE69-F056D8E45F0F}.Ad-Hoc|iPhoneSimulator.Deploy.0 = Ad-Hoc|iPhoneSimulator
		{E83FF7DC-D796-4370-AE69-F056D8E45F0F}.Ad-Hoc|Mixed Platforms.ActiveCfg = Ad-Hoc|iPhone
		{E83FF7DC-D796-4370-AE69-F056D8E45F0F}.Ad-Hoc|Mixed Platforms.Build.0 = Ad-Hoc|iPhone
		{E83FF7DC-D796-4370-AE69-F056D8E45F0F}.Ad-Hoc|Mixed Platforms.Deploy.0 = Ad-Hoc|iPhone
		{E83FF7DC-D796-4370-AE69-F056D8E45F0F}.Ad-Hoc|x86.ActiveCfg = Ad-Hoc|iPhone
		{E83FF7DC-D796-4370-AE69-F056D8E45F0F}.AppStore|Any CPU.ActiveCfg = AppStore|iPhone
		{E83FF7DC-D796-4370-AE69-F056D8E45F0F}.AppStore|ARM.ActiveCfg = AppStore|iPhone
		{E83FF7DC-D796-4370-AE69-F056D8E45F0F}.AppStore|iPhone.ActiveCfg = AppStore|iPhone
		{E83FF7DC-D796-4370-AE69-F056D8E45F0F}.AppStore|iPhone.Build.0 = AppStore|iPhone
		{E83FF7DC-D796-4370-AE69-F056D8E45F0F}.AppStore|iPhone.Deploy.0 = AppStore|iPhone
		{E83FF7DC-D796-4370-AE69-F056D8E45F0F}.AppStore|iPhoneSimulator.ActiveCfg = AppStore|iPhoneSimulator
		{E83FF7DC-D796-4370-AE69-F056D8E45F0F}.AppStore|iPhoneSimulator.Build.0 = AppStore|iPhoneSimulator
		{E83FF7DC-D796-4370-AE69-F056D8E45F0F}.AppStore|iPhoneSimulator.Deploy.0 = AppStore|iPhoneSimulator
		{E83FF7DC-D796-4370-AE69-F056D8E45F0F}.AppStore|Mixed Platforms.ActiveCfg = AppStore|iPhone
		{E83FF7DC-D796-4370-AE69-F056D8E45F0F}.AppStore|Mixed Platforms.Build.0 = AppStore|iPhone
		{E83FF7DC-D796-4370-AE69-F056D8E45F0F}.AppStore|Mixed Platforms.Deploy.0 = AppStore|iPhone
		{E83FF7DC-D796-4370-AE69-F056D8E45F0F}.AppStore|x86.ActiveCfg = AppStore|iPhone
		{E83FF7DC-D796-4370-AE69-F056D8E45F0F}.Debug|Any CPU.ActiveCfg = Debug|iPhone
		{E83FF7DC-D796-4370-AE69-F056D8E45F0F}.Debug|ARM.ActiveCfg = Debug|iPhone
		{E83FF7DC-D796-4370-AE69-F056D8E45F0F}.Debug|iPhone.ActiveCfg = Debug|iPhone
		{E83FF7DC-D796-4370-AE69-F056D8E45F0F}.Debug|iPhone.Build.0 = Debug|iPhone
		{E83FF7DC-D796-4370-AE69-F056D8E45F0F}.Debug|iPhone.Deploy.0 = Debug|iPhone
		{E83FF7DC-D796-4370-AE69-F056D8E45F0F}.Debug|iPhoneSimulator.ActiveCfg = Debug|iPhoneSimulator
		{E83FF7DC-D796-4370-AE69-F056D8E45F0F}.Debug|iPhoneSimulator.Build.0 = Debug|iPhoneSimulator
		{E83FF7DC-D796-4370-AE69-F056D8E45F0F}.Debug|iPhoneSimulator.Deploy.0 = Debug|iPhoneSimulator
		{E83FF7DC-D796-4370-AE69-F056D8E45F0F}.Debug|Mixed Platforms.ActiveCfg = Debug|iPhone
		{E83FF7DC-D796-4370-AE69-F056D8E45F0F}.Debug|Mixed Platforms.Build.0 = Debug|iPhone
		{E83FF7DC-D796-4370-AE69-F056D8E45F0F}.Debug|Mixed Platforms.Deploy.0 = Debug|iPhone
		{E83FF7DC-D796-4370-AE69-F056D8E45F0F}.Debug|x86.ActiveCfg = Debug|iPhone
		{E83FF7DC-D796-4370-AE69-F056D8E45F0F}.Release|Any CPU.ActiveCfg = Release|iPhone
		{E83FF7DC-D796-4370-AE69-F056D8E45F0F}.Release|ARM.ActiveCfg = Release|iPhone
		{E83FF7DC-D796-4370-AE69-F056D8E45F0F}.Release|iPhone.ActiveCfg = Release|iPhone
		{E83FF7DC-D796-4370-AE69-F056D8E45F0F}.Release|iPhone.Build.0 = Release|iPhone
		{E83FF7DC-D796-4370-AE69-F056D8E45F0F}.Release|iPhone.Deploy.0 = Release|iPhone
		{E83FF7DC-D796-4370-AE69-F056D8E45F0F}.Release|iPhoneSimulator.ActiveCfg = Release|iPhoneSimulator
		{E83FF7DC-D796-4370-AE69-F056D8E45F0F}.Release|iPhoneSimulator.Build.0 = Release|iPhoneSimulator
		{E83FF7DC-D796-4370-AE69-F056D8E45F0F}.Release|iPhoneSimulator.Deploy.0 = Release|iPhoneSimulator
		{E83FF7DC-D796-4370-AE69-F056D8E45F0F}.Release|Mixed Platforms.ActiveCfg = Release|iPhone
		{E83FF7DC-D796-4370-AE69-F056D8E45F0F}.Release|Mixed Platforms.Build.0 = Release|iPhone
		{E83FF7DC-D796-4370-AE69-F056D8E45F0F}.Release|Mixed Platforms.Deploy.0 = Release|iPhone
		{E83FF7DC-D796-4370-AE69-F056D8E45F0F}.Release|x86.ActiveCfg = Release|iPhone
		{7C740FFD-509C-4A49-8929-5444E80699E9}.Ad-Hoc|Any CPU.ActiveCfg = Release|Any CPU
		{7C740FFD-509C-4A49-8929-5444E80699E9}.Ad-Hoc|Any CPU.Build.0 = Release|Any CPU
		{7C740FFD-509C-4A49-8929-5444E80699E9}.Ad-Hoc|Any CPU.Deploy.0 = Release|Any CPU
		{7C740FFD-509C-4A49-8929-5444E80699E9}.Ad-Hoc|ARM.ActiveCfg = Release|Any CPU
		{7C740FFD-509C-4A49-8929-5444E80699E9}.Ad-Hoc|iPhone.ActiveCfg = Release|Any CPU
		{7C740FFD-509C-4A49-8929-5444E80699E9}.Ad-Hoc|iPhoneSimulator.ActiveCfg = Release|Any CPU
		{7C740FFD-509C-4A49-8929-5444E80699E9}.Ad-Hoc|Mixed Platforms.ActiveCfg = Release|Any CPU
		{7C740FFD-509C-4A49-8929-5444E80699E9}.Ad-Hoc|Mixed Platforms.Build.0 = Release|Any CPU
		{7C740FFD-509C-4A49-8929-5444E80699E9}.Ad-Hoc|Mixed Platforms.Deploy.0 = Release|Any CPU
		{7C740FFD-509C-4A49-8929-5444E80699E9}.Ad-Hoc|x86.ActiveCfg = Release|Any CPU
		{7C740FFD-509C-4A49-8929-5444E80699E9}.AppStore|Any CPU.ActiveCfg = Release|Any CPU
		{7C740FFD-509C-4A49-8929-5444E80699E9}.AppStore|Any CPU.Build.0 = Release|Any CPU
		{7C740FFD-509C-4A49-8929-5444E80699E9}.AppStore|Any CPU.Deploy.0 = Release|Any CPU
		{7C740FFD-509C-4A49-8929-5444E80699E9}.AppStore|ARM.ActiveCfg = Release|Any CPU
		{7C740FFD-509C-4A49-8929-5444E80699E9}.AppStore|iPhone.ActiveCfg = Release|Any CPU
		{7C740FFD-509C-4A49-8929-5444E80699E9}.AppStore|iPhoneSimulator.ActiveCfg = Release|Any CPU
		{7C740FFD-509C-4A49-8929-5444E80699E9}.AppStore|Mixed Platforms.ActiveCfg = Release|Any CPU
		{7C740FFD-509C-4A49-8929-5444E80699E9}.AppStore|Mixed Platforms.Build.0 = Release|Any CPU
		{7C740FFD-509C-4A49-8929-5444E80699E9}.AppStore|Mixed Platforms.Deploy.0 = Release|Any CPU
		{7C740FFD-509C-4A49-8929-5444E80699E9}.AppStore|x86.ActiveCfg = Release|Any CPU
		{7C740FFD-509C-4A49-8929-5444E80699E9}.Debug|Any CPU.ActiveCfg = Debug|Any CPU
		{7C740FFD-509C-4A49-8929-5444E80699E9}.Debug|Any CPU.Build.0 = Debug|Any CPU
		{7C740FFD-509C-4A49-8929-5444E80699E9}.Debug|Any CPU.Deploy.0 = Debug|Any CPU
		{7C740FFD-509C-4A49-8929-5444E80699E9}.Debug|ARM.ActiveCfg = Debug|Any CPU
		{7C740FFD-509C-4A49-8929-5444E80699E9}.Debug|iPhone.ActiveCfg = Debug|Any CPU
		{7C740FFD-509C-4A49-8929-5444E80699E9}.Debug|iPhoneSimulator.ActiveCfg = Debug|Any CPU
		{7C740FFD-509C-4A49-8929-5444E80699E9}.Debug|Mixed Platforms.ActiveCfg = Debug|Any CPU
		{7C740FFD-509C-4A49-8929-5444E80699E9}.Debug|Mixed Platforms.Build.0 = Debug|Any CPU
		{7C740FFD-509C-4A49-8929-5444E80699E9}.Debug|Mixed Platforms.Deploy.0 = Debug|Any CPU
		{7C740FFD-509C-4A49-8929-5444E80699E9}.Debug|x86.ActiveCfg = Debug|Any CPU
		{7C740FFD-509C-4A49-8929-5444E80699E9}.Release|Any CPU.ActiveCfg = Release|Any CPU
		{7C740FFD-509C-4A49-8929-5444E80699E9}.Release|Any CPU.Build.0 = Release|Any CPU
		{7C740FFD-509C-4A49-8929-5444E80699E9}.Release|Any CPU.Deploy.0 = Release|Any CPU
		{7C740FFD-509C-4A49-8929-5444E80699E9}.Release|ARM.ActiveCfg = Release|Any CPU
		{7C740FFD-509C-4A49-8929-5444E80699E9}.Release|iPhone.ActiveCfg = Release|Any CPU
		{7C740FFD-509C-4A49-8929-5444E80699E9}.Release|iPhoneSimulator.ActiveCfg = Release|Any CPU
		{7C740FFD-509C-4A49-8929-5444E80699E9}.Release|Mixed Platforms.ActiveCfg = Release|Any CPU
		{7C740FFD-509C-4A49-8929-5444E80699E9}.Release|Mixed Platforms.Build.0 = Release|Any CPU
		{7C740FFD-509C-4A49-8929-5444E80699E9}.Release|Mixed Platforms.Deploy.0 = Release|Any CPU
		{7C740FFD-509C-4A49-8929-5444E80699E9}.Release|x86.ActiveCfg = Release|Any CPU
	EndGlobalSection
	GlobalSection(SolutionProperties) = preSolution
		HideSolutionNode = FALSE
	EndGlobalSection
EndGlobal
